PODS:
  - Flutter (1.0.0)
  - flutter_local_notifications (0.0.1):
    - Flutter
  - flutter_pcm_sound (0.0.1):
    - Flutter
  - flutter_secure_storage (6.0.0):
    - Flutter
  - flutter_sound (9.30.0):
    - Flutter
    - flutter_sound_core (= 9.30.0)
  - flutter_sound_core (9.30.0)

DEPENDENCIES:
  - Flutter (from `Flutter`)
  - flutter_local_notifications (from `.symlinks/plugins/flutter_local_notifications/ios`)
  - flutter_pcm_sound (from `.symlinks/plugins/flutter_pcm_sound/ios`)
  - flutter_secure_storage (from `.symlinks/plugins/flutter_secure_storage/ios`)
  - flutter_sound (from `.symlinks/plugins/flutter_sound/ios`)

SPEC REPOS:
  trunk:
    - flutter_sound_core

EXTERNAL SOURCES:
  Flutter:
    :path: Flutter
  flutter_local_notifications:
    :path: ".symlinks/plugins/flutter_local_notifications/ios"
  flutter_pcm_sound:
    :path: ".symlinks/plugins/flutter_pcm_sound/ios"
  flutter_secure_storage:
    :path: ".symlinks/plugins/flutter_secure_storage/ios"
  flutter_sound:
    :path: ".symlinks/plugins/flutter_sound/ios"

SPEC CHECKSUMS:
  Flutter: cabc95a1d2626b1b06e7179b784ebcf0c0cde467
  flutter_local_notifications: df98d66e515e1ca797af436137b4459b160ad8c9
  flutter_pcm_sound: de0572ca4f99091cc2abfcc31601b8a4ddd33c0e
  flutter_secure_storage: d33dac7ae2ea08509be337e775f6b59f1ff45f12
  flutter_sound: 0e2f5015f122fc8be5ab9afd9e4b7f2aefbd65c8
  flutter_sound_core: 7f2626d249d3a57bfa6da892ef7e22d234482c1a

PODFILE CHECKSUM: 53a6aebc29ccee84c41f92f409fc20cd4ca011f1

COCOAPODS: 1.15.2
